
Microsoft Visual Studio Solution File, Format Version 12.00
# Visual Studio Version 18
VisualStudioVersion = 18.0.11018.127
MinimumVisualStudioVersion = 10.0.40219.1
Project("{2150E333-8FDC-42A3-9474-1A3956D46DE8}") = "src", "src", "{02EA681E-C7D8-13C7-8484-4AC65E1B71E8}"
EndProject
Project("{2150E333-8FDC-42A3-9474-1A3956D46DE8}") = "test", "test", "{D6B16FF0-0F5E-4D00-8BAB-8D199DBB7DAE}"
EndProject
Project("{2150E333-8FDC-42A3-9474-1A3956D46DE8}") = "API", "API", "{05CB76A1-7EFA-4C21-907F-BEAB3E96244E}"
EndProject
Project("{2150E333-8FDC-42A3-9474-1A3956D46DE8}") = "Core", "Core", "{CD9EF1C9-B745-478A-8B1E-27ECD501CCDE}"
EndProject
Project("{2150E333-8FDC-42A3-9474-1A3956D46DE8}") = "Infrastructure", "Infrastructure", "{C7BF3F33-9E18-41FD-BCA6-0DB3BF4D87F5}"
EndProject
Project("{2150E333-8FDC-42A3-9474-1A3956D46DE8}") = "UI", "UI", "{33DD9A2E-B601-4C57-839A-956450086162}"
EndProject
Project("{FAE04EC0-301F-11D3-BF4B-00C04F79EFBC}") = "BDFM.Domain", "BDFM.Domain\BDFM.Domain.csproj", "{08750E4D-F18B-4084-A3BE-584763B8573C}"
EndProject
Project("{FAE04EC0-301F-11D3-BF4B-00C04F79EFBC}") = "BDFM.Application", "BDFM.Application\BDFM.Application.csproj", "{02D3D51E-3F8D-4F00-BE25-B6E05BD0667E}"
EndProject
Project("{FAE04EC0-301F-11D3-BF4B-00C04F79EFBC}") = "BDFM.Persistence", "BDFM.Persistence\BDFM.Persistence.csproj", "{5DDBB6D3-7E3C-4A36-A26D-14F68108AFF6}"
EndProject
Project("{FAE04EC0-301F-11D3-BF4B-00C04F79EFBC}") = "BDFM.Api", "BDFM.Api\BDFM.Api.csproj", "{8D0D2526-0AF0-47B8-A1D7-C2A48D74F6BD}"
EndProject
Project("{FAE04EC0-301F-11D3-BF4B-00C04F79EFBC}") = "BDFM.Identity", "BDFM.Identity\BDFM.Identity.csproj", "{665A4DBE-74D7-4B82-8815-414DA08BB76A}"
EndProject
Project("{FAE04EC0-301F-11D3-BF4B-00C04F79EFBC}") = "BDFM.Infrastructure", "BDFM.Infrastructure\BDFM.Infrastructure.csproj", "{72FA1EEE-DCE6-4BC8-A606-F3F66987AE61}"
EndProject
Project("{FAE04EC0-301F-11D3-BF4B-00C04F79EFBC}") = "BDFM.Web", "BDFM.Web\BDFM.Web.csproj", "{880F1B4C-672C-4537-BC29-A4BE859E44F2}"
EndProject
Global
	GlobalSection(SolutionConfigurationPlatforms) = preSolution
		Debug|Any CPU = Debug|Any CPU
		Release|Any CPU = Release|Any CPU
	EndGlobalSection
	GlobalSection(ProjectConfigurationPlatforms) = postSolution
		{08750E4D-F18B-4084-A3BE-584763B8573C}.Debug|Any CPU.ActiveCfg = Debug|Any CPU
		{08750E4D-F18B-4084-A3BE-584763B8573C}.Debug|Any CPU.Build.0 = Debug|Any CPU
		{08750E4D-F18B-4084-A3BE-584763B8573C}.Release|Any CPU.ActiveCfg = Release|Any CPU
		{08750E4D-F18B-4084-A3BE-584763B8573C}.Release|Any CPU.Build.0 = Release|Any CPU
		{02D3D51E-3F8D-4F00-BE25-B6E05BD0667E}.Debug|Any CPU.ActiveCfg = Debug|Any CPU
		{02D3D51E-3F8D-4F00-BE25-B6E05BD0667E}.Debug|Any CPU.Build.0 = Debug|Any CPU
		{02D3D51E-3F8D-4F00-BE25-B6E05BD0667E}.Release|Any CPU.ActiveCfg = Release|Any CPU
		{02D3D51E-3F8D-4F00-BE25-B6E05BD0667E}.Release|Any CPU.Build.0 = Release|Any CPU
		{5DDBB6D3-7E3C-4A36-A26D-14F68108AFF6}.Debug|Any CPU.ActiveCfg = Debug|Any CPU
		{5DDBB6D3-7E3C-4A36-A26D-14F68108AFF6}.Debug|Any CPU.Build.0 = Debug|Any CPU
		{5DDBB6D3-7E3C-4A36-A26D-14F68108AFF6}.Release|Any CPU.ActiveCfg = Release|Any CPU
		{5DDBB6D3-7E3C-4A36-A26D-14F68108AFF6}.Release|Any CPU.Build.0 = Release|Any CPU
		{8D0D2526-0AF0-47B8-A1D7-C2A48D74F6BD}.Debug|Any CPU.ActiveCfg = Debug|Any CPU
		{8D0D2526-0AF0-47B8-A1D7-C2A48D74F6BD}.Debug|Any CPU.Build.0 = Debug|Any CPU
		{8D0D2526-0AF0-47B8-A1D7-C2A48D74F6BD}.Release|Any CPU.ActiveCfg = Release|Any CPU
		{8D0D2526-0AF0-47B8-A1D7-C2A48D74F6BD}.Release|Any CPU.Build.0 = Release|Any CPU
		{665A4DBE-74D7-4B82-8815-414DA08BB76A}.Debug|Any CPU.ActiveCfg = Debug|Any CPU
		{665A4DBE-74D7-4B82-8815-414DA08BB76A}.Debug|Any CPU.Build.0 = Debug|Any CPU
		{665A4DBE-74D7-4B82-8815-414DA08BB76A}.Release|Any CPU.ActiveCfg = Release|Any CPU
		{665A4DBE-74D7-4B82-8815-414DA08BB76A}.Release|Any CPU.Build.0 = Release|Any CPU
		{72FA1EEE-DCE6-4BC8-A606-F3F66987AE61}.Debug|Any CPU.ActiveCfg = Debug|Any CPU
		{72FA1EEE-DCE6-4BC8-A606-F3F66987AE61}.Debug|Any CPU.Build.0 = Debug|Any CPU
		{72FA1EEE-DCE6-4BC8-A606-F3F66987AE61}.Release|Any CPU.ActiveCfg = Release|Any CPU
		{72FA1EEE-DCE6-4BC8-A606-F3F66987AE61}.Release|Any CPU.Build.0 = Release|Any CPU
		{880F1B4C-672C-4537-BC29-A4BE859E44F2}.Debug|Any CPU.ActiveCfg = Debug|Any CPU
		{880F1B4C-672C-4537-BC29-A4BE859E44F2}.Debug|Any CPU.Build.0 = Debug|Any CPU
		{880F1B4C-672C-4537-BC29-A4BE859E44F2}.Release|Any CPU.ActiveCfg = Release|Any CPU
		{880F1B4C-672C-4537-BC29-A4BE859E44F2}.Release|Any CPU.Build.0 = Release|Any CPU
	EndGlobalSection
	GlobalSection(SolutionProperties) = preSolution
		HideSolutionNode = FALSE
	EndGlobalSection
	GlobalSection(NestedProjects) = preSolution
		{05CB76A1-7EFA-4C21-907F-BEAB3E96244E} = {02EA681E-C7D8-13C7-8484-4AC65E1B71E8}
		{CD9EF1C9-B745-478A-8B1E-27ECD501CCDE} = {02EA681E-C7D8-13C7-8484-4AC65E1B71E8}
		{C7BF3F33-9E18-41FD-BCA6-0DB3BF4D87F5} = {02EA681E-C7D8-13C7-8484-4AC65E1B71E8}
		{33DD9A2E-B601-4C57-839A-956450086162} = {02EA681E-C7D8-13C7-8484-4AC65E1B71E8}
		{08750E4D-F18B-4084-A3BE-584763B8573C} = {CD9EF1C9-B745-478A-8B1E-27ECD501CCDE}
		{02D3D51E-3F8D-4F00-BE25-B6E05BD0667E} = {CD9EF1C9-B745-478A-8B1E-27ECD501CCDE}
		{5DDBB6D3-7E3C-4A36-A26D-14F68108AFF6} = {C7BF3F33-9E18-41FD-BCA6-0DB3BF4D87F5}
		{8D0D2526-0AF0-47B8-A1D7-C2A48D74F6BD} = {05CB76A1-7EFA-4C21-907F-BEAB3E96244E}
		{665A4DBE-74D7-4B82-8815-414DA08BB76A} = {C7BF3F33-9E18-41FD-BCA6-0DB3BF4D87F5}
		{72FA1EEE-DCE6-4BC8-A606-F3F66987AE61} = {C7BF3F33-9E18-41FD-BCA6-0DB3BF4D87F5}
		{880F1B4C-672C-4537-BC29-A4BE859E44F2} = {33DD9A2E-B601-4C57-839A-956450086162}
	EndGlobalSection
	GlobalSection(ExtensibilityGlobals) = postSolution
		SolutionGuid = {4F87E222-84CD-4E75-835D-ED0EB1DF0091}
	EndGlobalSection
EndGlobal
